
Microsoft Visual Studio Solution File, Format Version 12.00
# Visual Studio 14
VisualStudioVersion = 14.0.25420.1
MinimumVisualStudioVersion = 10.0.40219.1
Project("{8BC9CEB8-8B4A-11D0-8D11-00A0C91BC942}") = "audio_processing", "..\webrtc-build\audio_processing\audio_processing.vcxproj", "{4AC6512D-8E4D-4665-9C6C-22CF03D7D108}"
EndProject
Project("{8BC9CEB8-8B4A-11D0-8D11-00A0C91BC942}") = "common_audio", "..\webrtc-build\common_audio\common_audio.vcxproj", "{723D8B66-143B-4008-BE6C-4E8F208833F6}"
EndProject
Project("{8BC9CEB8-8B4A-11D0-8D11-00A0C91BC942}") = "system_wrappers", "..\webrtc-build\system_wrappers\system_wrappers.vcxproj", "{9DBBD37D-A840-496C-9400-25A035DA1756}"
EndProject
Project("{8BC9CEB8-8B4A-11D0-8D11-00A0C91BC942}") = "EchoTest", "..\Echo-test\EchoTest.vcxproj", "{D3D03148-DC7E-4491-96DC-6900D0CA523E}"
EndProject
Project("{8BC9CEB8-8B4A-11D0-8D11-00A0C91BC942}") = "MixTest", "..\MixTest\MixTest.vcxproj", "{6142C360-E9AC-46EB-B3D9-D4D2A2D9D7E9}"
EndProject
Project("{8BC9CEB8-8B4A-11D0-8D11-00A0C91BC942}") = "isac", "..\webrtc-build\audio_coding\isac\isac.vcxproj", "{ED28A766-11D7-41B5-8DF3-D55771E55564}"
EndProject
Project("{8BC9CEB8-8B4A-11D0-8D11-00A0C91BC942}") = "audio_mixer", "..\webrtc-build\audio_mixer\audio_mixer.vcxproj", "{FFA8FC36-689F-44DA-B2BF-7D4FB3F48E0F}"
EndProject
Project("{8BC9CEB8-8B4A-11D0-8D11-00A0C91BC942}") = "audio_conference_mixer", "..\webrtc-build\audio_conference_mixer\audio_conference_mixer.vcxproj", "{12084273-E90B-4853-905C-824E9C80B5AF}"
EndProject
Project("{8BC9CEB8-8B4A-11D0-8D11-00A0C91BC942}") = "ConferenceMixTest", "..\ConferenceMixTest\ConferenceMixTest.vcxproj", "{84608193-B840-41DC-A05A-B211B666F137}"
EndProject
Project("{8BC9CEB8-8B4A-11D0-8D11-00A0C91BC942}") = "NSTest", "..\NSTest\NSTest.vcxproj", "{B56AD84E-1F30-4363-88F2-FC4B585298D1}"
EndProject
Global
	GlobalSection(SolutionConfigurationPlatforms) = preSolution
		Debug|x64 = Debug|x64
		Debug|x86 = Debug|x86
		Release|x64 = Release|x64
		Release|x86 = Release|x86
	EndGlobalSection
	GlobalSection(ProjectConfigurationPlatforms) = postSolution
		{4AC6512D-8E4D-4665-9C6C-22CF03D7D108}.Debug|x64.ActiveCfg = Debug|x64
		{4AC6512D-8E4D-4665-9C6C-22CF03D7D108}.Debug|x64.Build.0 = Debug|x64
		{4AC6512D-8E4D-4665-9C6C-22CF03D7D108}.Debug|x86.ActiveCfg = Debug|Win32
		{4AC6512D-8E4D-4665-9C6C-22CF03D7D108}.Debug|x86.Build.0 = Debug|Win32
		{4AC6512D-8E4D-4665-9C6C-22CF03D7D108}.Release|x64.ActiveCfg = Release|x64
		{4AC6512D-8E4D-4665-9C6C-22CF03D7D108}.Release|x64.Build.0 = Release|x64
		{4AC6512D-8E4D-4665-9C6C-22CF03D7D108}.Release|x86.ActiveCfg = Release|Win32
		{4AC6512D-8E4D-4665-9C6C-22CF03D7D108}.Release|x86.Build.0 = Release|Win32
		{723D8B66-143B-4008-BE6C-4E8F208833F6}.Debug|x64.ActiveCfg = Debug|x64
		{723D8B66-143B-4008-BE6C-4E8F208833F6}.Debug|x64.Build.0 = Debug|x64
		{723D8B66-143B-4008-BE6C-4E8F208833F6}.Debug|x86.ActiveCfg = Debug|Win32
		{723D8B66-143B-4008-BE6C-4E8F208833F6}.Debug|x86.Build.0 = Debug|Win32
		{723D8B66-143B-4008-BE6C-4E8F208833F6}.Release|x64.ActiveCfg = Release|x64
		{723D8B66-143B-4008-BE6C-4E8F208833F6}.Release|x64.Build.0 = Release|x64
		{723D8B66-143B-4008-BE6C-4E8F208833F6}.Release|x86.ActiveCfg = Release|Win32
		{723D8B66-143B-4008-BE6C-4E8F208833F6}.Release|x86.Build.0 = Release|Win32
		{9DBBD37D-A840-496C-9400-25A035DA1756}.Debug|x64.ActiveCfg = Debug|x64
		{9DBBD37D-A840-496C-9400-25A035DA1756}.Debug|x64.Build.0 = Debug|x64
		{9DBBD37D-A840-496C-9400-25A035DA1756}.Debug|x86.ActiveCfg = Debug|Win32
		{9DBBD37D-A840-496C-9400-25A035DA1756}.Debug|x86.Build.0 = Debug|Win32
		{9DBBD37D-A840-496C-9400-25A035DA1756}.Release|x64.ActiveCfg = Release|x64
		{9DBBD37D-A840-496C-9400-25A035DA1756}.Release|x64.Build.0 = Release|x64
		{9DBBD37D-A840-496C-9400-25A035DA1756}.Release|x86.ActiveCfg = Release|Win32
		{9DBBD37D-A840-496C-9400-25A035DA1756}.Release|x86.Build.0 = Release|Win32
		{D3D03148-DC7E-4491-96DC-6900D0CA523E}.Debug|x64.ActiveCfg = Debug|x64
		{D3D03148-DC7E-4491-96DC-6900D0CA523E}.Debug|x64.Build.0 = Debug|x64
		{D3D03148-DC7E-4491-96DC-6900D0CA523E}.Debug|x86.ActiveCfg = Debug|Win32
		{D3D03148-DC7E-4491-96DC-6900D0CA523E}.Debug|x86.Build.0 = Debug|Win32
		{D3D03148-DC7E-4491-96DC-6900D0CA523E}.Release|x64.ActiveCfg = Release|x64
		{D3D03148-DC7E-4491-96DC-6900D0CA523E}.Release|x64.Build.0 = Release|x64
		{D3D03148-DC7E-4491-96DC-6900D0CA523E}.Release|x86.ActiveCfg = Release|Win32
		{D3D03148-DC7E-4491-96DC-6900D0CA523E}.Release|x86.Build.0 = Release|Win32
		{6142C360-E9AC-46EB-B3D9-D4D2A2D9D7E9}.Debug|x64.ActiveCfg = Debug|x64
		{6142C360-E9AC-46EB-B3D9-D4D2A2D9D7E9}.Debug|x64.Build.0 = Debug|x64
		{6142C360-E9AC-46EB-B3D9-D4D2A2D9D7E9}.Debug|x86.ActiveCfg = Debug|Win32
		{6142C360-E9AC-46EB-B3D9-D4D2A2D9D7E9}.Debug|x86.Build.0 = Debug|Win32
		{6142C360-E9AC-46EB-B3D9-D4D2A2D9D7E9}.Release|x64.ActiveCfg = Release|x64
		{6142C360-E9AC-46EB-B3D9-D4D2A2D9D7E9}.Release|x64.Build.0 = Release|x64
		{6142C360-E9AC-46EB-B3D9-D4D2A2D9D7E9}.Release|x86.ActiveCfg = Release|Win32
		{6142C360-E9AC-46EB-B3D9-D4D2A2D9D7E9}.Release|x86.Build.0 = Release|Win32
		{ED28A766-11D7-41B5-8DF3-D55771E55564}.Debug|x64.ActiveCfg = Debug|x64
		{ED28A766-11D7-41B5-8DF3-D55771E55564}.Debug|x64.Build.0 = Debug|x64
		{ED28A766-11D7-41B5-8DF3-D55771E55564}.Debug|x86.ActiveCfg = Debug|Win32
		{ED28A766-11D7-41B5-8DF3-D55771E55564}.Debug|x86.Build.0 = Debug|Win32
		{ED28A766-11D7-41B5-8DF3-D55771E55564}.Release|x64.ActiveCfg = Release|x64
		{ED28A766-11D7-41B5-8DF3-D55771E55564}.Release|x64.Build.0 = Release|x64
		{ED28A766-11D7-41B5-8DF3-D55771E55564}.Release|x86.ActiveCfg = Release|Win32
		{ED28A766-11D7-41B5-8DF3-D55771E55564}.Release|x86.Build.0 = Release|Win32
		{FFA8FC36-689F-44DA-B2BF-7D4FB3F48E0F}.Debug|x64.ActiveCfg = Debug|x64
		{FFA8FC36-689F-44DA-B2BF-7D4FB3F48E0F}.Debug|x64.Build.0 = Debug|x64
		{FFA8FC36-689F-44DA-B2BF-7D4FB3F48E0F}.Debug|x86.ActiveCfg = Debug|Win32
		{FFA8FC36-689F-44DA-B2BF-7D4FB3F48E0F}.Debug|x86.Build.0 = Debug|Win32
		{FFA8FC36-689F-44DA-B2BF-7D4FB3F48E0F}.Release|x64.ActiveCfg = Release|x64
		{FFA8FC36-689F-44DA-B2BF-7D4FB3F48E0F}.Release|x64.Build.0 = Release|x64
		{FFA8FC36-689F-44DA-B2BF-7D4FB3F48E0F}.Release|x86.ActiveCfg = Release|Win32
		{FFA8FC36-689F-44DA-B2BF-7D4FB3F48E0F}.Release|x86.Build.0 = Release|Win32
		{12084273-E90B-4853-905C-824E9C80B5AF}.Debug|x64.ActiveCfg = Debug|x64
		{12084273-E90B-4853-905C-824E9C80B5AF}.Debug|x64.Build.0 = Debug|x64
		{12084273-E90B-4853-905C-824E9C80B5AF}.Debug|x86.ActiveCfg = Debug|Win32
		{12084273-E90B-4853-905C-824E9C80B5AF}.Debug|x86.Build.0 = Debug|Win32
		{12084273-E90B-4853-905C-824E9C80B5AF}.Release|x64.ActiveCfg = Release|x64
		{12084273-E90B-4853-905C-824E9C80B5AF}.Release|x64.Build.0 = Release|x64
		{12084273-E90B-4853-905C-824E9C80B5AF}.Release|x86.ActiveCfg = Release|Win32
		{12084273-E90B-4853-905C-824E9C80B5AF}.Release|x86.Build.0 = Release|Win32
		{84608193-B840-41DC-A05A-B211B666F137}.Debug|x64.ActiveCfg = Debug|x64
		{84608193-B840-41DC-A05A-B211B666F137}.Debug|x64.Build.0 = Debug|x64
		{84608193-B840-41DC-A05A-B211B666F137}.Debug|x86.ActiveCfg = Debug|Win32
		{84608193-B840-41DC-A05A-B211B666F137}.Debug|x86.Build.0 = Debug|Win32
		{84608193-B840-41DC-A05A-B211B666F137}.Release|x64.ActiveCfg = Release|x64
		{84608193-B840-41DC-A05A-B211B666F137}.Release|x64.Build.0 = Release|x64
		{84608193-B840-41DC-A05A-B211B666F137}.Release|x86.ActiveCfg = Release|Win32
		{84608193-B840-41DC-A05A-B211B666F137}.Release|x86.Build.0 = Release|Win32
		{B56AD84E-1F30-4363-88F2-FC4B585298D1}.Debug|x64.ActiveCfg = Debug|x64
		{B56AD84E-1F30-4363-88F2-FC4B585298D1}.Debug|x64.Build.0 = Debug|x64
		{B56AD84E-1F30-4363-88F2-FC4B585298D1}.Debug|x86.ActiveCfg = Debug|Win32
		{B56AD84E-1F30-4363-88F2-FC4B585298D1}.Debug|x86.Build.0 = Debug|Win32
		{B56AD84E-1F30-4363-88F2-FC4B585298D1}.Release|x64.ActiveCfg = Release|x64
		{B56AD84E-1F30-4363-88F2-FC4B585298D1}.Release|x64.Build.0 = Release|x64
		{B56AD84E-1F30-4363-88F2-FC4B585298D1}.Release|x86.ActiveCfg = Release|Win32
		{B56AD84E-1F30-4363-88F2-FC4B585298D1}.Release|x86.Build.0 = Release|Win32
	EndGlobalSection
	GlobalSection(SolutionProperties) = preSolution
		HideSolutionNode = FALSE
	EndGlobalSection
EndGlobal
